// !$*UTF8*$!
{
	archiveVersion = 1;
	classes = {
	};
	objectVersion = 56;
	objects = {

/* Begin PBXBuildFile section */
		874ABC1D2C7D60B200A4CC5B /* DessertsListApp.swift in Sources */ = {isa = PBXBuildFile; fileRef = 874ABC1C2C7D60B200A4CC5B /* DessertsListApp.swift */; };
		874ABC1F2C7D60B200A4CC5B /* ContentView.swift in Sources */ = {isa = PBXBuildFile; fileRef = 874ABC1E2C7D60B200A4CC5B /* ContentView.swift */; };
		874ABC212C7D60B300A4CC5B /* Assets.xcassets in Resources */ = {isa = PBXBuildFile; fileRef = 874ABC202C7D60B300A4CC5B /* Assets.xcassets */; };
		874ABC242C7D60B300A4CC5B /* Preview Assets.xcassets in Resources */ = {isa = PBXBuildFile; fileRef = 874ABC232C7D60B300A4CC5B /* Preview Assets.xcassets */; };
		874ABC2E2C7D60B400A4CC5B /* DessertsListTests.swift in Sources */ = {isa = PBXBuildFile; fileRef = 874ABC2D2C7D60B400A4CC5B /* DessertsListTests.swift */; };
		874ABC382C7D60B400A4CC5B /* DessertsListUITests.swift in Sources */ = {isa = PBXBuildFile; fileRef = 874ABC372C7D60B400A4CC5B /* DessertsListUITests.swift */; };
		874ABC3A2C7D60B400A4CC5B /* DessertsListUITestsLaunchTests.swift in Sources */ = {isa = PBXBuildFile; fileRef = 874ABC392C7D60B400A4CC5B /* DessertsListUITestsLaunchTests.swift */; };
/* End PBXBuildFile section */

/* Begin PBXContainerItemProxy section */
		874ABC2A2C7D60B400A4CC5B /* PBXContainerItemProxy */ = {
			isa = PBXContainerItemProxy;
			containerPortal = 874ABC112C7D60B200A4CC5B /* Project object */;
			proxyType = 1;
			remoteGlobalIDString = 874ABC182C7D60B200A4CC5B;
			remoteInfo = DessertsList;
		};
		874ABC342C7D60B400A4CC5B /* PBXContainerItemProxy */ = {
			isa = PBXContainerItemProxy;
			containerPortal = 874ABC112C7D60B200A4CC5B /* Project object */;
			proxyType = 1;
			remoteGlobalIDString = 874ABC182C7D60B200A4CC5B;
			remoteInfo = DessertsList;
		};
/* End PBXContainerItemProxy section */

/* Begin PBXFileReference section */
		874ABC192C7D60B200A4CC5B /* DessertsList.app */ = {isa = PBXFileReference; explicitFileType = wrapper.application; includeInIndex = 0; path = DessertsList.app; sourceTree = BUILT_PRODUCTS_DIR; };
		874ABC1C2C7D60B200A4CC5B /* DessertsListApp.swift */ = {isa = PBXFileReference; lastKnownFileType = sourcecode.swift; path = DessertsListApp.swift; sourceTree = "<group>"; };
		874ABC1E2C7D60B200A4CC5B /* ContentView.swift */ = {isa = PBXFileReference; lastKnownFileType = sourcecode.swift; path = ContentView.swift; sourceTree = "<group>"; };
		874ABC202C7D60B300A4CC5B /* Assets.xcassets */ = {isa = PBXFileReference; lastKnownFileType = folder.assetcatalog; path = Assets.xcassets; sourceTree = "<group>"; };
		874ABC232C7D60B300A4CC5B /* Preview Assets.xcassets */ = {isa = PBXFileReference; lastKnownFileType = folder.assetcatalog; path = "Preview Assets.xcassets"; sourceTree = "<group>"; };
		874ABC292C7D60B400A4CC5B /* DessertsListTests.xctest */ = {isa = PBXFileReference; explicitFileType = wrapper.cfbundle; includeInIndex = 0; path = DessertsListTests.xctest; sourceTree = BUILT_PRODUCTS_DIR; };
		874ABC2D2C7D60B400A4CC5B /* DessertsListTests.swift */ = {isa = PBXFileReference; lastKnownFileType = sourcecode.swift; path = DessertsListTests.swift; sourceTree = "<group>"; };
		874ABC332C7D60B400A4CC5B /* DessertsListUITests.xctest */ = {isa = PBXFileReference; explicitFileType = wrapper.cfbundle; includeInIndex = 0; path = DessertsListUITests.xctest; sourceTree = BUILT_PRODUCTS_DIR; };
		874ABC372C7D60B400A4CC5B /* DessertsListUITests.swift */ = {isa = PBXFileReference; lastKnownFileType = sourcecode.swift; path = DessertsListUITests.swift; sourceTree = "<group>"; };
		874ABC392C7D60B400A4CC5B /* DessertsListUITestsLaunchTests.swift */ = {isa = PBXFileReference; lastKnownFileType = sourcecode.swift; path = DessertsListUITestsLaunchTests.swift; sourceTree = "<group>"; };
/* End PBXFileReference section */

/* Begin PBXFrameworksBuildPhase section */
		874ABC162C7D60B200A4CC5B /* Frameworks */ = {
			isa = PBXFrameworksBuildPhase;
			buildActionMask = 2147483647;
			files = (
			);
			runOnlyForDeploymentPostprocessing = 0;
		};
		874ABC262C7D60B400A4CC5B /* Frameworks */ = {
			isa = PBXFrameworksBuildPhase;
			buildActionMask = 2147483647;
			files = (
			);
			runOnlyForDeploymentPostprocessing = 0;
		};
		874ABC302C7D60B400A4CC5B /* Frameworks */ = {
			isa = PBXFrameworksBuildPhase;
			buildActionMask = 2147483647;
			files = (
			);
			runOnlyForDeploymentPostprocessing = 0;
		};
/* End PBXFrameworksBuildPhase section */

/* Begin PBXGroup section */
		874ABC102C7D60B200A4CC5B = {
			isa = PBXGroup;
			children = (
				874ABC1B2C7D60B200A4CC5B /* DessertsList */,
				874ABC2C2C7D60B400A4CC5B /* DessertsListTests */,
				874ABC362C7D60B400A4CC5B /* DessertsListUITests */,
				874ABC1A2C7D60B200A4CC5B /* Products */,
			);
			sourceTree = "<group>";
		};
		874ABC1A2C7D60B200A4CC5B /* Products */ = {
			isa = PBXGroup;
			children = (
				874ABC192C7D60B200A4CC5B /* DessertsList.app */,
				874ABC292C7D60B400A4CC5B /* DessertsListTests.xctest */,
				874ABC332C7D60B400A4CC5B /* DessertsListUITests.xctest */,
			);
			name = Products;
			sourceTree = "<group>";
		};
		874ABC1B2C7D60B200A4CC5B /* DessertsList */ = {
			isa = PBXGroup;
			children = (
				874ABC1C2C7D60B200A4CC5B /* DessertsListApp.swift */,
				874ABC1E2C7D60B200A4CC5B /* ContentView.swift */,
				874ABC202C7D60B300A4CC5B /* Assets.xcassets */,
				874ABC222C7D60B300A4CC5B /* Preview Content */,
			);
			path = DessertsList;
			sourceTree = "<group>";
		};
		874ABC222C7D60B300A4CC5B /* Preview Content */ = {
			isa = PBXGroup;
			children = (
				874ABC232C7D60B300A4CC5B /* Preview Assets.xcassets */,
			);
			path = "Preview Content";
			sourceTree = "<group>";
		};
		874ABC2C2C7D60B400A4CC5B /* DessertsListTests */ = {
			isa = PBXGroup;
			children = (
				874ABC2D2C7D60B400A4CC5B /* DessertsListTests.swift */,
			);
			path = DessertsListTests;
			sourceTree = "<group>";
		};
		874ABC362C7D60B400A4CC5B /* DessertsListUITests */ = {
			isa = PBXGroup;
			children = (
				874ABC372C7D60B400A4CC5B /* DessertsListUITests.swift */,
				874ABC392C7D60B400A4CC5B /* DessertsListUITestsLaunchTests.swift */,
			);
			path = DessertsListUITests;
			sourceTree = "<group>";
		};
/* End PBXGroup section */

/* Begin PBXNativeTarget section */
		874ABC182C7D60B200A4CC5B /* DessertsList */ = {
			isa = PBXNativeTarget;
			buildConfigurationList = 874ABC3D2C7D60B400A4CC5B /* Build configuration list for PBXNativeTarget "DessertsList" */;
			buildPhases = (
				874ABC152C7D60B200A4CC5B /* Sources */,
				874ABC162C7D60B200A4CC5B /* Frameworks */,
				874ABC172C7D60B200A4CC5B /* Resources */,
			);
			buildRules = (
			);
			dependencies = (
			);
			name = DessertsList;
			productName = DessertsList;
			productReference = 874ABC192C7D60B200A4CC5B /* DessertsList.app */;
			productType = "com.apple.product-type.application";
		};
		874ABC282C7D60B400A4CC5B /* DessertsListTests */ = {
			isa = PBXNativeTarget;
			buildConfigurationList = 874ABC402C7D60B400A4CC5B /* Build configuration list for PBXNativeTarget "DessertsListTests" */;
			buildPhases = (
				874ABC252C7D60B400A4CC5B /* Sources */,
				874ABC262C7D60B400A4CC5B /* Frameworks */,
				874ABC272C7D60B400A4CC5B /* Resources */,
			);
			buildRules = (
			);
			dependencies = (
				874ABC2B2C7D60B400A4CC5B /* PBXTargetDependency */,
			);
			name = DessertsListTests;
			productName = DessertsListTests;
			productReference = 874ABC292C7D60B400A4CC5B /* DessertsListTests.xctest */;
			productType = "com.apple.product-type.bundle.unit-test";
		};
		874ABC322C7D60B400A4CC5B /* DessertsListUITests */ = {
			isa = PBXNativeTarget;
			buildConfigurationList = 874ABC432C7D60B400A4CC5B /* Build configuration list for PBXNativeTarget "DessertsListUITests" */;
			buildPhases = (
				874ABC2F2C7D60B400A4CC5B /* Sources */,
				874ABC302C7D60B400A4CC5B /* Frameworks */,
				874ABC312C7D60B400A4CC5B /* Resources */,
			);
			buildRules = (
			);
			dependencies = (
				874ABC352C7D60B400A4CC5B /* PBXTargetDependency */,
			);
			name = DessertsListUITests;
			productName = DessertsListUITests;
			productReference = 874ABC332C7D60B400A4CC5B /* DessertsListUITests.xctest */;
			productType = "com.apple.product-type.bundle.ui-testing";
		};
/* End PBXNativeTarget section */

/* Begin PBXProject section */
		874ABC112C7D60B200A4CC5B /* Project object */ = {
			isa = PBXProject;
			attributes = {
				BuildIndependentTargetsInParallel = 1;
				LastSwiftUpdateCheck = 1540;
				LastUpgradeCheck = 1540;
				TargetAttributes = {
					874ABC182C7D60B200A4CC5B = {
						CreatedOnToolsVersion = 15.4;
					};
					874ABC282C7D60B400A4CC5B = {
						CreatedOnToolsVersion = 15.4;
						TestTargetID = 874ABC182C7D60B200A4CC5B;
					};
					874ABC322C7D60B400A4CC5B = {
						CreatedOnToolsVersion = 15.4;
						TestTargetID = 874ABC182C7D60B200A4CC5B;
					};
				};
			};
			buildConfigurationList = 874ABC142C7D60B200A4CC5B /* Build configuration list for PBXProject "DessertsList" */;
			compatibilityVersion = "Xcode 14.0";
			developmentRegion = en;
			hasScannedForEncodings = 0;
			knownRegions = (
				en,
				Base,
			);
			mainGroup = 874ABC102C7D60B200A4CC5B;
			productRefGroup = 874ABC1A2C7D60B200A4CC5B /* Products */;
			projectDirPath = "";
			projectRoot = "";
			targets = (
				874ABC182C7D60B200A4CC5B /* DessertsList */,
				874ABC282C7D60B400A4CC5B /* DessertsListTests */,
				874ABC322C7D60B400A4CC5B /* DessertsListUITests */,
			);
		};
/* End PBXProject section */

/* Begin PBXResourcesBuildPhase section */
		874ABC172C7D60B200A4CC5B /* Resources */ = {
			isa = PBXResourcesBuildPhase;
			buildActionMask = 2147483647;
			files = (
				874ABC242C7D60B300A4CC5B /* Preview Assets.xcassets in Resources */,
				874ABC212C7D60B300A4CC5B /* Assets.xcassets in Resources */,
			);
			runOnlyForDeploymentPostprocessing = 0;
		};
		874ABC272C7D60B400A4CC5B /* Resources */ = {
			isa = PBXResourcesBuildPhase;
			buildActionMask = 2147483647;
			files = (
			);
			runOnlyForDeploymentPostprocessing = 0;
		};
		874ABC312C7D60B400A4CC5B /* Resources */ = {
			isa = PBXResourcesBuildPhase;
			buildActionMask = 2147483647;
			files = (
			);
			runOnlyForDeploymentPostprocessing = 0;
		};
/* End PBXResourcesBuildPhase section */

/* Begin PBXSourcesBuildPhase section */
		874ABC152C7D60B200A4CC5B /* Sources */ = {
			isa = PBXSourcesBuildPhase;
			buildActionMask = 2147483647;
			files = (
				874ABC1F2C7D60B200A4CC5B /* ContentView.swift in Sources */,
				874ABC1D2C7D60B200A4CC5B /* DessertsListApp.swift in Sources */,
			);
			runOnlyForDeploymentPostprocessing = 0;
		};
		874ABC252C7D60B400A4CC5B /* Sources */ = {
			isa = PBXSourcesBuildPhase;
			buildActionMask = 2147483647;
			files = (
				874ABC2E2C7D60B400A4CC5B /* DessertsListTests.swift in Sources */,
			);
			runOnlyForDeploymentPostprocessing = 0;
		};
		874ABC2F2C7D60B400A4CC5B /* Sources */ = {
			isa = PBXSourcesBuildPhase;
			buildActionMask = 2147483647;
			files = (
				874ABC382C7D60B400A4CC5B /* DessertsListUITests.swift in Sources */,
				874ABC3A2C7D60B400A4CC5B /* DessertsListUITestsLaunchTests.swift in Sources */,
			);
			runOnlyForDeploymentPostprocessing = 0;
		};
/* End PBXSourcesBuildPhase section */

/* Begin PBXTargetDependency section */
		874ABC2B2C7D60B400A4CC5B /* PBXTargetDependency */ = {
			isa = PBXTargetDependency;
			target = 874ABC182C7D60B200A4CC5B /* DessertsList */;
			targetProxy = 874ABC2A2C7D60B400A4CC5B /* PBXContainerItemProxy */;
		};
		874ABC352C7D60B400A4CC5B /* PBXTargetDependency */ = {
			isa = PBXTargetDependency;
			target = 874ABC182C7D60B200A4CC5B /* DessertsList */;
			targetProxy = 874ABC342C7D60B400A4CC5B /* PBXContainerItemProxy */;
		};
/* End PBXTargetDependency section */

/* Begin XCBuildConfiguration section */
		874ABC3B2C7D60B400A4CC5B /* Debug */ = {
			isa = XCBuildConfiguration;
			buildSettings = {
				ALWAYS_SEARCH_USER_PATHS = NO;
				ASSETCATALOG_COMPILER_GENERATE_SWIFT_ASSET_SYMBOL_EXTENSIONS = YES;
				CLANG_ANALYZER_NONNULL = YES;
				CLANG_ANALYZER_NUMBER_OBJECT_CONVERSION = YES_AGGRESSIVE;
				CLANG_CXX_LANGUAGE_STANDARD = "gnu++20";
				CLANG_ENABLE_MODULES = YES;
				CLANG_ENABLE_OBJC_ARC = YES;
				CLANG_ENABLE_OBJC_WEAK = YES;
				CLANG_WARN_BLOCK_CAPTURE_AUTORELEASING = YES;
				CLANG_WARN_BOOL_CONVERSION = YES;
				CLANG_WARN_COMMA = YES;
				CLANG_WARN_CONSTANT_CONVERSION = YES;
				CLANG_WARN_DEPRECATED_OBJC_IMPLEMENTATIONS = YES;
				CLANG_WARN_DIRECT_OBJC_ISA_USAGE = YES_ERROR;
				CLANG_WARN_DOCUMENTATION_COMMENTS = YES;
				CLANG_WARN_EMPTY_BODY = YES;
				CLANG_WARN_ENUM_CONVERSION = YES;
				CLANG_WARN_INFINITE_RECURSION = YES;
				CLANG_WARN_INT_CONVERSION = YES;
				CLANG_WARN_NON_LITERAL_NULL_CONVERSION = YES;
				CLANG_WARN_OBJC_IMPLICIT_RETAIN_SELF = YES;
				CLANG_WARN_OBJC_LITERAL_CONVERSION = YES;
				CLANG_WARN_OBJC_ROOT_CLASS = YES_ERROR;
				CLANG_WARN_QUOTED_INCLUDE_IN_FRAMEWORK_HEADER = YES;
				CLANG_WARN_RANGE_LOOP_ANALYSIS = YES;
				CLANG_WARN_STRICT_PROTOTYPES = YES;
				CLANG_WARN_SUSPICIOUS_MOVE = YES;
				CLANG_WARN_UNGUARDED_AVAILABILITY = YES_AGGRESSIVE;
				CLANG_WARN_UNREACHABLE_CODE = YES;
				CLANG_WARN__DUPLICATE_METHOD_MATCH = YES;
				COPY_PHASE_STRIP = NO;
				DEBUG_INFORMATION_FORMAT = dwarf;
				ENABLE_STRICT_OBJC_MSGSEND = YES;
				ENABLE_TESTABILITY = YES;
				ENABLE_USER_SCRIPT_SANDBOXING = YES;
				GCC_C_LANGUAGE_STANDARD = gnu17;
				GCC_DYNAMIC_NO_PIC = NO;
				GCC_NO_COMMON_BLOCKS = YES;
				GCC_OPTIMIZATION_LEVEL = 0;
				GCC_PREPROCESSOR_DEFINITIONS = (
					"DEBUG=1",
					"$(inherited)",
				);
				GCC_WARN_64_TO_32_BIT_CONVERSION = YES;
				GCC_WARN_ABOUT_RETURN_TYPE = YES_ERROR;
				GCC_WARN_UNDECLARED_SELECTOR = YES;
				GCC_WARN_UNINITIALIZED_AUTOS = YES_AGGRESSIVE;
				GCC_WARN_UNUSED_FUNCTION = YES;
				GCC_WARN_UNUSED_VARIABLE = YES;
				IPHONEOS_DEPLOYMENT_TARGET = 17.5;
				LOCALIZATION_PREFERS_STRING_CATALOGS = YES;
				MTL_ENABLE_DEBUG_INFO = INCLUDE_SOURCE;
				MTL_FAST_MATH = YES;
				ONLY_ACTIVE_ARCH = YES;
				SDKROOT = iphoneos;
				SWIFT_ACTIVE_COMPILATION_CONDITIONS = "DEBUG $(inherited)";
				SWIFT_OPTIMIZATION_LEVEL = "-Onone";
			};
			name = Debug;
		};
		874ABC3C2C7D60B400A4CC5B /* Release */ = {
			isa = XCBuildConfiguration;
			buildSettings = {
				ALWAYS_SEARCH_USER_PATHS = NO;
				ASSETCATALOG_COMPILER_GENERATE_SWIFT_ASSET_SYMBOL_EXTENSIONS = YES;
				CLANG_ANALYZER_NONNULL = YES;
				CLANG_ANALYZER_NUMBER_OBJECT_CONVERSION = YES_AGGRESSIVE;
				CLANG_CXX_LANGUAGE_STANDARD = "gnu++20";
				CLANG_ENABLE_MODULES = YES;
				CLANG_ENABLE_OBJC_ARC = YES;
				CLANG_ENABLE_OBJC_WEAK = YES;
				CLANG_WARN_BLOCK_CAPTURE_AUTORELEASING = YES;
				CLANG_WARN_BOOL_CONVERSION = YES;
				CLANG_WARN_COMMA = YES;
				CLANG_WARN_CONSTANT_CONVERSION = YES;
				CLANG_WARN_DEPRECATED_OBJC_IMPLEMENTATIONS = YES;
				CLANG_WARN_DIRECT_OBJC_ISA_USAGE = YES_ERROR;
				CLANG_WARN_DOCUMENTATION_COMMENTS = YES;
				CLANG_WARN_EMPTY_BODY = YES;
				CLANG_WARN_ENUM_CONVERSION = YES;
				CLANG_WARN_INFINITE_RECURSION = YES;
				CLANG_WARN_INT_CONVERSION = YES;
				CLANG_WARN_NON_LITERAL_NULL_CONVERSION = YES;
				CLANG_WARN_OBJC_IMPLICIT_RETAIN_SELF = YES;
				CLANG_WARN_OBJC_LITERAL_CONVERSION = YES;
				CLANG_WARN_OBJC_ROOT_CLASS = YES_ERROR;
				CLANG_WARN_QUOTED_INCLUDE_IN_FRAMEWORK_HEADER = YES;
				CLANG_WARN_RANGE_LOOP_ANALYSIS = YES;
				CLANG_WARN_STRICT_PROTOTYPES = YES;
				CLANG_WARN_SUSPICIOUS_MOVE = YES;
				CLANG_WARN_UNGUARDED_AVAILABILITY = YES_AGGRESSIVE;
				CLANG_WARN_UNREACHABLE_CODE = YES;
				CLANG_WARN__DUPLICATE_METHOD_MATCH = YES;
				COPY_PHASE_STRIP = NO;
				DEBUG_INFORMATION_FORMAT = "dwarf-with-dsym";
				ENABLE_NS_ASSERTIONS = NO;
				ENABLE_STRICT_OBJC_MSGSEND = YES;
				ENABLE_USER_SCRIPT_SANDBOXING = YES;
				GCC_C_LANGUAGE_STANDARD = gnu17;
				GCC_NO_COMMON_BLOCKS = YES;
				GCC_WARN_64_TO_32_BIT_CONVERSION = YES;
				GCC_WARN_ABOUT_RETURN_TYPE = YES_ERROR;
				GCC_WARN_UNDECLARED_SELECTOR = YES;
				GCC_WARN_UNINITIALIZED_AUTOS = YES_AGGRESSIVE;
				GCC_WARN_UNUSED_FUNCTION = YES;
				GCC_WARN_UNUSED_VARIABLE = YES;
				IPHONEOS_DEPLOYMENT_TARGET = 17.5;
				LOCALIZATION_PREFERS_STRING_CATALOGS = YES;
				MTL_ENABLE_DEBUG_INFO = NO;
				MTL_FAST_MATH = YES;
				SDKROOT = iphoneos;
				SWIFT_COMPILATION_MODE = wholemodule;
				VALIDATE_PRODUCT = YES;
			};
			name = Release;
		};
		874ABC3E2C7D60B400A4CC5B /* Debug */ = {
			isa = XCBuildConfiguration;
			buildSettings = {
				ASSETCATALOG_COMPILER_APPICON_NAME = AppIcon;
				ASSETCATALOG_COMPILER_GLOBAL_ACCENT_COLOR_NAME = AccentColor;
				CODE_SIGN_STYLE = Automatic;
				CURRENT_PROJECT_VERSION = 1;
				DEVELOPMENT_ASSET_PATHS = "\"DessertsList/Preview Content\"";
				DEVELOPMENT_TEAM = 79DFX3SWE8;
				ENABLE_PREVIEWS = YES;
				GENERATE_INFOPLIST_FILE = YES;
				INFOPLIST_KEY_UIApplicationSceneManifest_Generation = YES;
				INFOPLIST_KEY_UIApplicationSupportsIndirectInputEvents = YES;
				INFOPLIST_KEY_UILaunchScreen_Generation = YES;
				INFOPLIST_KEY_UISupportedInterfaceOrientations_iPad = "UIInterfaceOrientationPortrait UIInterfaceOrientationPortraitUpsideDown UIInterfaceOrientationLandscapeLeft UIInterfaceOrientationLandscapeRight";
				INFOPLIST_KEY_UISupportedInterfaceOrientations_iPhone = "UIInterfaceOrientationPortrait UIInterfaceOrientationLandscapeLeft UIInterfaceOrientationLandscapeRight";
				LD_RUNPATH_SEARCH_PATHS = (
					"$(inherited)",
					"@executable_path/Frameworks",
				);
				MARKETING_VERSION = 1.0;
				PRODUCT_BUNDLE_IDENTIFIER = com.KKITCreations.DessertsList;
				PRODUCT_NAME = "$(TARGET_NAME)";
				SWIFT_EMIT_LOC_STRINGS = YES;
				SWIFT_VERSION = 5.0;
				TARGETED_DEVICE_FAMILY = "1,2";
			};
			name = Debug;
		};
		874ABC3F2C7D60B400A4CC5B /* Release */ = {
			isa = XCBuildConfiguration;
			buildSettings = {
				ASSETCATALOG_COMPILER_APPICON_NAME = AppIcon;
				ASSETCATALOG_COMPILER_GLOBAL_ACCENT_COLOR_NAME = AccentColor;
				CODE_SIGN_STYLE = Automatic;
				CURRENT_PROJECT_VERSION = 1;
				DEVELOPMENT_ASSET_PATHS = "\"DessertsList/Preview Content\"";
				DEVELOPMENT_TEAM = 79DFX3SWE8;
				ENABLE_PREVIEWS = YES;
				GENERATE_INFOPLIST_FILE = YES;
				INFOPLIST_KEY_UIApplicationSceneManifest_Generation = YES;
				INFOPLIST_KEY_UIApplicationSupportsIndirectInputEvents = YES;
				INFOPLIST_KEY_UILaunchScreen_Generation = YES;
				INFOPLIST_KEY_UISupportedInterfaceOrientations_iPad = "UIInterfaceOrientationPortrait UIInterfaceOrientationPortraitUpsideDown UIInterfaceOrientationLandscapeLeft UIInterfaceOrientationLandscapeRight";
				INFOPLIST_KEY_UISupportedInterfaceOrientations_iPhone = "UIInterfaceOrientationPortrait UIInterfaceOrientationLandscapeLeft UIInterfaceOrientationLandscapeRight";
				LD_RUNPATH_SEARCH_PATHS = (
					"$(inherited)",
					"@executable_path/Frameworks",
				);
				MARKETING_VERSION = 1.0;
				PRODUCT_BUNDLE_IDENTIFIER = com.KKITCreations.DessertsList;
				PRODUCT_NAME = "$(TARGET_NAME)";
				SWIFT_EMIT_LOC_STRINGS = YES;
				SWIFT_VERSION = 5.0;
				TARGETED_DEVICE_FAMILY = "1,2";
			};
			name = Release;
		};
		874ABC412C7D60B400A4CC5B /* Debug */ = {
			isa = XCBuildConfiguration;
			buildSettings = {
				ALWAYS_EMBED_SWIFT_STANDARD_LIBRARIES = YES;
				BUNDLE_LOADER = "$(TEST_HOST)";
				CODE_SIGN_STYLE = Automatic;
				CURRENT_PROJECT_VERSION = 1;
				DEVELOPMENT_TEAM = 79DFX3SWE8;
				GENERATE_INFOPLIST_FILE = YES;
				IPHONEOS_DEPLOYMENT_TARGET = 17.5;
				MARKETING_VERSION = 1.0;
				PRODUCT_BUNDLE_IDENTIFIER = com.KKITCreations.DessertsListTests;
				PRODUCT_NAME = "$(TARGET_NAME)";
				SWIFT_EMIT_LOC_STRINGS = NO;
				SWIFT_VERSION = 5.0;
				TARGETED_DEVICE_FAMILY = "1,2";
				TEST_HOST = "$(BUILT_PRODUCTS_DIR)/DessertsList.app/$(BUNDLE_EXECUTABLE_FOLDER_PATH)/DessertsList";
			};
			name = Debug;
		};
		874ABC422C7D60B400A4CC5B /* Release */ = {
			isa = XCBuildConfiguration;
			buildSettings = {
				ALWAYS_EMBED_SWIFT_STANDARD_LIBRARIES = YES;
				BUNDLE_LOADER = "$(TEST_HOST)";
				CODE_SIGN_STYLE = Automatic;
				CURRENT_PROJECT_VERSION = 1;
				DEVELOPMENT_TEAM = 79DFX3SWE8;
				GENERATE_INFOPLIST_FILE = YES;
				IPHONEOS_DEPLOYMENT_TARGET = 17.5;
				MARKETING_VERSION = 1.0;
				PRODUCT_BUNDLE_IDENTIFIER = com.KKITCreations.DessertsListTests;
				PRODUCT_NAME = "$(TARGET_NAME)";
				SWIFT_EMIT_LOC_STRINGS = NO;
				SWIFT_VERSION = 5.0;
				TARGETED_DEVICE_FAMILY = "1,2";
				TEST_HOST = "$(BUILT_PRODUCTS_DIR)/DessertsList.app/$(BUNDLE_EXECUTABLE_FOLDER_PATH)/DessertsList";
			};
			name = Release;
		};
		874ABC442C7D60B400A4CC5B /* Debug */ = {
			isa = XCBuildConfiguration;
			buildSettings = {
				ALWAYS_EMBED_SWIFT_STANDARD_LIBRARIES = YES;
				CODE_SIGN_STYLE = Automatic;
				CURRENT_PROJECT_VERSION = 1;
				DEVELOPMENT_TEAM = 79DFX3SWE8;
				GENERATE_INFOPLIST_FILE = YES;
				MARKETING_VERSION = 1.0;
				PRODUCT_BUNDLE_IDENTIFIER = com.KKITCreations.DessertsListUITests;
				PRODUCT_NAME = "$(TARGET_NAME)";
				SWIFT_EMIT_LOC_STRINGS = NO;
				SWIFT_VERSION = 5.0;
				TARGETED_DEVICE_FAMILY = "1,2";
				TEST_TARGET_NAME = DessertsList;
			};
			name = Debug;
		};
		874ABC452C7D60B400A4CC5B /* Release */ = {
			isa = XCBuildConfiguration;
			buildSettings = {
				ALWAYS_EMBED_SWIFT_STANDARD_LIBRARIES = YES;
				CODE_SIGN_STYLE = Automatic;
				CURRENT_PROJECT_VERSION = 1;
				DEVELOPMENT_TEAM = 79DFX3SWE8;
				GENERATE_INFOPLIST_FILE = YES;
				MARKETING_VERSION = 1.0;
				PRODUCT_BUNDLE_IDENTIFIER = com.KKITCreations.DessertsListUITests;
				PRODUCT_NAME = "$(TARGET_NAME)";
				SWIFT_EMIT_LOC_STRINGS = NO;
				SWIFT_VERSION = 5.0;
				TARGETED_DEVICE_FAMILY = "1,2";
				TEST_TARGET_NAME = DessertsList;
			};
			name = Release;
		};
/* End XCBuildConfiguration section */

/* Begin XCConfigurationList section */
		874ABC142C7D60B200A4CC5B /* Build configuration list for PBXProject "DessertsList" */ = {
			isa = XCConfigurationList;
			buildConfigurations = (
				874ABC3B2C7D60B400A4CC5B /* Debug */,
				874ABC3C2C7D60B400A4CC5B /* Release */,
			);
			defaultConfigurationIsVisible = 0;
			defaultConfigurationName = Release;
		};
		874ABC3D2C7D60B400A4CC5B /* Build configuration list for PBXNativeTarget "DessertsList" */ = {
			isa = XCConfigurationList;
			buildConfigurations = (
				874ABC3E2C7D60B400A4CC5B /* Debug */,
				874ABC3F2C7D60B400A4CC5B /* Release */,
			);
			defaultConfigurationIsVisible = 0;
			defaultConfigurationName = Release;
		};
		874ABC402C7D60B400A4CC5B /* Build configuration list for PBXNativeTarget "DessertsListTests" */ = {
			isa = XCConfigurationList;
			buildConfigurations = (
				874ABC412C7D60B400A4CC5B /* Debug */,
				874ABC422C7D60B400A4CC5B /* Release */,
			);
			defaultConfigurationIsVisible = 0;
			defaultConfigurationName = Release;
		};
		874ABC432C7D60B400A4CC5B /* Build configuration list for PBXNativeTarget "DessertsListUITests" */ = {
			isa = XCConfigurationList;
			buildConfigurations = (
				874ABC442C7D60B400A4CC5B /* Debug */,
				874ABC452C7D60B400A4CC5B /* Release */,
			);
			defaultConfigurationIsVisible = 0;
			defaultConfigurationName = Release;
		};
/* End XCConfigurationList section */
	};
	rootObject = 874ABC112C7D60B200A4CC5B /* Project object */;
}
